{
  "name": "@enfocussw/pitstop-server-cli",
  "version": "1.0.5",
  "lockfileVersion": 3,
  "requires": true,
  "packages": {
    "": {
      "name": "@enfocussw/pitstop-server-cli",
      "version": "1.0.5",
      "license": "ISC",
      "dependencies": {
        "@xmldom/xmldom": "^0.8.11",
        "jstoxml": "^7.0.1",
        "xpath": "^0.0.34"
      },
      "devDependencies": {
        "@types/jstoxml": "^2.0.4",
        "@types/node": "^22.10.10"
      }
    },
    "node_modules/@types/jstoxml": {
      "version": "2.0.4",
      "resolved": "https://registry.npmjs.org/@types/jstoxml/-/jstoxml-2.0.4.tgz",
      "integrity": "sha512-XHUMp2t8CfJUsKt8qjlspZWlkVeveFg2eF/kRV8CKiNQ+Fd3mJkfexIDXtZEnG/4aJZRCVNNn46zNddSVIUN0w==",
      "dev": true,
      "license": "MIT"
    },
    "node_modules/@types/node": {
      "version": "22.10.10",
      "resolved": "https://registry.npmjs.org/@types/node/-/node-22.10.10.tgz",
      "integrity": "sha512-X47y/mPNzxviAGY5TcYPtYL8JsY3kAq2n8fMmKoRCxq/c4v4pyGNCzM2R6+M5/umG4ZfHuT+sgqDYqWc9rJ6ww==",
      "dev": true,
      "license": "MIT",
      "dependencies": {
        "undici-types": "~6.20.0"
      }
    },
    "node_modules/@xmldom/xmldom": {
      "version": "0.8.11",
      "resolved": "https://registry.npmjs.org/@xmldom/xmldom/-/xmldom-0.8.11.tgz",
      "integrity": "sha512-cQzWCtO6C8TQiYl1ruKNn2U6Ao4o4WBBcbL61yJl84x+j5sOWWFU9X7DpND8XZG3daDppSsigMdfAIl2upQBRw==",
      "license": "MIT",
      "engines": {
        "node": ">=10.0.0"
      }
    },
    "node_modules/jstoxml": {
      "version": "7.0.1",
      "resolved": "https://registry.npmjs.org/jstoxml/-/jstoxml-7.0.1.tgz",
      "integrity": "sha512-yqCv6FoW1uTqtqO/wqQzvdRhVp+iIFwu153pLdSmJwlRRW3+eRWwfHjCE1E+06hB17s934iFDZI1GW0g4QvA8w==",
      "license": "MIT"
    },
    "node_modules/undici-types": {
      "version": "6.20.0",
      "resolved": "https://registry.npmjs.org/undici-types/-/undici-types-6.20.0.tgz",
      "integrity": "sha512-Ny6QZ2Nju20vw1SRHe3d9jVu6gJ+4e3+MMpqu7pqE5HT6WsTSlce++GQmK5UXS8mzV8DSYHrQH+Xrf2jVcuKNg==",
      "dev": true,
      "license": "MIT"
    },
    "node_modules/xpath": {
      "version": "0.0.34",
      "resolved": "https://registry.npmjs.org/xpath/-/xpath-0.0.34.tgz",
      "integrity": "sha512-FxF6+rkr1rNSQrhUNYrAFJpRXNzlDoMxeXN5qI84939ylEv3qqPFKa85Oxr6tDaJKqwW6KKyo2v26TSv3k6LeA==",
      "license": "MIT",
      "engines": {
        "node": ">=0.6.0"
      }
    }
  }
}
